
Microsoft Visual Studio Solution File, Format Version 12.00
# Visual Studio 15
VisualStudioVersion = 15.0.28010.2036
MinimumVisualStudioVersion = 10.0.40219.1
Project("{FAE04EC0-301F-11D3-BF4B-00C04F79EFBC}") = "LabPractical1", "LabPractical1\LabPractical1.csproj", "{29EC7583-D94C-4FB0-BB3D-7138A4283586}"
EndProject
Global
	GlobalSection(SolutionConfigurationPlatforms) = preSolution
		Debug|Any CPU = Debug|Any CPU
		Release|Any CPU = Release|Any CPU
	EndGlobalSection
	GlobalSection(ProjectConfigurationPlatforms) = postSolution
		{29EC7583-D94C-4FB0-BB3D-7138A4283586}.Debug|Any CPU.ActiveCfg = Debug|Any CPU
		{29EC7583-D94C-4FB0-BB3D-7138A4283586}.Debug|Any CPU.Build.0 = Debug|Any CPU
		{29EC7583-D94C-4FB0-BB3D-7138A4283586}.Release|Any CPU.ActiveCfg = Release|Any CPU
		{29EC7583-D94C-4FB0-BB3D-7138A4283586}.Release|Any CPU.Build.0 = Release|Any CPU
	EndGlobalSection
	GlobalSection(SolutionProperties) = preSolution
		HideSolutionNode = FALSE
	EndGlobalSection
	GlobalSection(ExtensibilityGlobals) = postSolution
		SolutionGuid = {56520B64-F345-4077-8D37-A0D527B6051E}
	EndGlobalSection
EndGlobal
